{
    "_readme": [
        "This file locks the dependencies of your project to a known state",
        "Read more about it at https://getcomposer.org/doc/01-basic-usage.md#composer-lock-the-lock-file",
        "This file is @generated automatically"
    ],
    "hash": "ef5ce16e06db02ad29e3d6a47117e383",
    "content-hash": "236224022c17808c03d24ee701341ee4",
    "packages": [
        {
            "name": "icyapril/cryptolib",
            "version": "dev-master",
            "source": {
                "type": "git",
                "url": "https://github.com/IcyApril/CryptoLib.git",
                "reference": "53fb293b5d5e61deb308ec1400b6af7d9b8f1c21"
            },
            "dist": {
                "type": "zip",
                "url": "https://api.github.com/repos/IcyApril/CryptoLib/zipball/53fb293b5d5e61deb308ec1400b6af7d9b8f1c21",
                "reference": "53fb293b5d5e61deb308ec1400b6af7d9b8f1c21",
                "shasum": ""
            },
            "type": "library",
            "autoload": {
                "psr-4": {
                    "IcyApril\\": "src/"
                }
            },
            "notification-url": "https://packagist.org/downloads/",
            "license": [
                "AGPL"
            ],
            "authors": [
                {
                    "name": "Junade Ali",
                    "email": "code@junade.com",
                    "homepage": "http://junade.com"
                }
            ],
            "description": "CryptoLib: secure, free & open-source PHP cryptography library for everyone.",
            "homepage": "https://cryptolib.ju.je",
            "time": "2015-06-20 19:39:52"
        }
    ],
    "packages-dev": [],
    "aliases": [],
    "minimum-stability": "dev",
    "stability-flags": {
        "icyapril/cryptolib": 20
    },
    "prefer-stable": false,
    "prefer-lowest": false,
    "platform": [],
    "platform-dev": []
}
